
Microsoft Visual Studio Solution File, Format Version 12.00
# Visual Studio 15
VisualStudioVersion = 15.0.28010.2016
MinimumVisualStudioVersion = 10.0.40219.1
Project("{FAE04EC0-301F-11D3-BF4B-00C04F79EFBC}") = "Types", "Types\Types.csproj", "{214E7EF8-CEC2-4EF8-9017-9C89CA94B5A7}"
EndProject
Project("{FAE04EC0-301F-11D3-BF4B-00C04F79EFBC}") = "Model", "Model\Model.csproj", "{7416033C-C3BD-4B61-923D-1B4043F647C8}"
EndProject
Project("{FAE04EC0-301F-11D3-BF4B-00C04F79EFBC}") = "BLL", "BLL\BLL.csproj", "{26A857EC-52A3-4AB7-B741-073CD771497E}"
EndProject
Project("{FAE04EC0-301F-11D3-BF4B-00C04F79EFBC}") = "Repository", "Repository\Repository.csproj", "{223A8F73-63B2-45B2-949B-33EAB39F1EEC}"
EndProject
Project("{FAE04EC0-301F-11D3-BF4B-00C04F79EFBC}") = "Forms", "Forms\Forms.csproj", "{430FAA1B-2DF0-479A-BB9A-DA1F8DA9EFF9}"
EndProject
Project("{FAE04EC0-301F-11D3-BF4B-00C04F79EFBC}") = "DAL", "DAL\DAL.csproj", "{DA42A0A8-C307-4623-84F8-E4943A05A4A2}"
EndProject
Global
	GlobalSection(SolutionConfigurationPlatforms) = preSolution
		Debug|Any CPU = Debug|Any CPU
		Release|Any CPU = Release|Any CPU
	EndGlobalSection
	GlobalSection(ProjectConfigurationPlatforms) = postSolution
		{214E7EF8-CEC2-4EF8-9017-9C89CA94B5A7}.Debug|Any CPU.ActiveCfg = Debug|Any CPU
		{214E7EF8-CEC2-4EF8-9017-9C89CA94B5A7}.Debug|Any CPU.Build.0 = Debug|Any CPU
		{214E7EF8-CEC2-4EF8-9017-9C89CA94B5A7}.Release|Any CPU.ActiveCfg = Release|Any CPU
		{214E7EF8-CEC2-4EF8-9017-9C89CA94B5A7}.Release|Any CPU.Build.0 = Release|Any CPU
		{7416033C-C3BD-4B61-923D-1B4043F647C8}.Debug|Any CPU.ActiveCfg = Debug|Any CPU
		{7416033C-C3BD-4B61-923D-1B4043F647C8}.Debug|Any CPU.Build.0 = Debug|Any CPU
		{7416033C-C3BD-4B61-923D-1B4043F647C8}.Release|Any CPU.ActiveCfg = Release|Any CPU
		{7416033C-C3BD-4B61-923D-1B4043F647C8}.Release|Any CPU.Build.0 = Release|Any CPU
		{26A857EC-52A3-4AB7-B741-073CD771497E}.Debug|Any CPU.ActiveCfg = Debug|Any CPU
		{26A857EC-52A3-4AB7-B741-073CD771497E}.Debug|Any CPU.Build.0 = Debug|Any CPU
		{26A857EC-52A3-4AB7-B741-073CD771497E}.Release|Any CPU.ActiveCfg = Release|Any CPU
		{26A857EC-52A3-4AB7-B741-073CD771497E}.Release|Any CPU.Build.0 = Release|Any CPU
		{223A8F73-63B2-45B2-949B-33EAB39F1EEC}.Debug|Any CPU.ActiveCfg = Debug|Any CPU
		{223A8F73-63B2-45B2-949B-33EAB39F1EEC}.Debug|Any CPU.Build.0 = Debug|Any CPU
		{223A8F73-63B2-45B2-949B-33EAB39F1EEC}.Release|Any CPU.ActiveCfg = Release|Any CPU
		{223A8F73-63B2-45B2-949B-33EAB39F1EEC}.Release|Any CPU.Build.0 = Release|Any CPU
		{430FAA1B-2DF0-479A-BB9A-DA1F8DA9EFF9}.Debug|Any CPU.ActiveCfg = Debug|Any CPU
		{430FAA1B-2DF0-479A-BB9A-DA1F8DA9EFF9}.Debug|Any CPU.Build.0 = Debug|Any CPU
		{430FAA1B-2DF0-479A-BB9A-DA1F8DA9EFF9}.Release|Any CPU.ActiveCfg = Release|Any CPU
		{430FAA1B-2DF0-479A-BB9A-DA1F8DA9EFF9}.Release|Any CPU.Build.0 = Release|Any CPU
		{DA42A0A8-C307-4623-84F8-E4943A05A4A2}.Debug|Any CPU.ActiveCfg = Debug|Any CPU
		{DA42A0A8-C307-4623-84F8-E4943A05A4A2}.Debug|Any CPU.Build.0 = Debug|Any CPU
		{DA42A0A8-C307-4623-84F8-E4943A05A4A2}.Release|Any CPU.ActiveCfg = Release|Any CPU
		{DA42A0A8-C307-4623-84F8-E4943A05A4A2}.Release|Any CPU.Build.0 = Release|Any CPU
	EndGlobalSection
	GlobalSection(SolutionProperties) = preSolution
		HideSolutionNode = FALSE
	EndGlobalSection
	GlobalSection(ExtensibilityGlobals) = postSolution
		SolutionGuid = {05FEF2D0-C6A9-4DBC-A42B-ECFC5FFE6B39}
	EndGlobalSection
EndGlobal
